
Microsoft Visual Studio Solution File, Format Version 12.00
# Visual Studio 15
VisualStudioVersion = 15.0.27703.2026
MinimumVisualStudioVersion = 10.0.40219.1
Project("{8BC9CEB8-8B4A-11D0-8D11-00A0C91BC942}") = "Chapter9_RockPaperScissors", "Chapter9_RockPaperScissors\Chapter9_RockPaperScissors.vcxproj", "{AF51F143-8534-4402-BF24-2F63C6D89FD3}"
EndProject
Global
	GlobalSection(SolutionConfigurationPlatforms) = preSolution
		Debug|x64 = Debug|x64
		Debug|x86 = Debug|x86
		Release|x64 = Release|x64
		Release|x86 = Release|x86
	EndGlobalSection
	GlobalSection(ProjectConfigurationPlatforms) = postSolution
		{AF51F143-8534-4402-BF24-2F63C6D89FD3}.Debug|x64.ActiveCfg = Debug|x64
		{AF51F143-8534-4402-BF24-2F63C6D89FD3}.Debug|x64.Build.0 = Debug|x64
		{AF51F143-8534-4402-BF24-2F63C6D89FD3}.Debug|x86.ActiveCfg = Debug|Win32
		{AF51F143-8534-4402-BF24-2F63C6D89FD3}.Debug|x86.Build.0 = Debug|Win32
		{AF51F143-8534-4402-BF24-2F63C6D89FD3}.Release|x64.ActiveCfg = Release|x64
		{AF51F143-8534-4402-BF24-2F63C6D89FD3}.Release|x64.Build.0 = Release|x64
		{AF51F143-8534-4402-BF24-2F63C6D89FD3}.Release|x86.ActiveCfg = Release|Win32
		{AF51F143-8534-4402-BF24-2F63C6D89FD3}.Release|x86.Build.0 = Release|Win32
	EndGlobalSection
	GlobalSection(SolutionProperties) = preSolution
		HideSolutionNode = FALSE
	EndGlobalSection
	GlobalSection(ExtensibilityGlobals) = postSolution
		SolutionGuid = {AB358413-8B64-4AE3-B237-7845C5F74950}
	EndGlobalSection
EndGlobal
